
Microsoft Visual Studio Solution File, Format Version 12.00
# Visual Studio Version 16
VisualStudioVersion = 16.0.31624.102
MinimumVisualStudioVersion = 10.0.40219.1
Project("{FAE04EC0-301F-11D3-BF4B-00C04F79EFBC}") = "DateTimeChecker", "DateTimeChecker\DateTimeChecker.csproj", "{FB5F8A3A-FA12-43F9-9368-A496971B45BF}"
EndProject
Project("{FAE04EC0-301F-11D3-BF4B-00C04F79EFBC}") = "UnitTest", "UnitTest\UnitTest.csproj", "{39CF9157-3150-4861-B612-564CAFB128A7}"
EndProject
Global
	GlobalSection(SolutionConfigurationPlatforms) = preSolution
		Debug|Any CPU = Debug|Any CPU
		Release|Any CPU = Release|Any CPU
	EndGlobalSection
	GlobalSection(ProjectConfigurationPlatforms) = postSolution
		{FB5F8A3A-FA12-43F9-9368-A496971B45BF}.Debug|Any CPU.ActiveCfg = Debug|Any CPU
		{FB5F8A3A-FA12-43F9-9368-A496971B45BF}.Debug|Any CPU.Build.0 = Debug|Any CPU
		{FB5F8A3A-FA12-43F9-9368-A496971B45BF}.Release|Any CPU.ActiveCfg = Release|Any CPU
		{FB5F8A3A-FA12-43F9-9368-A496971B45BF}.Release|Any CPU.Build.0 = Release|Any CPU
		{39CF9157-3150-4861-B612-564CAFB128A7}.Debug|Any CPU.ActiveCfg = Debug|Any CPU
		{39CF9157-3150-4861-B612-564CAFB128A7}.Debug|Any CPU.Build.0 = Debug|Any CPU
		{39CF9157-3150-4861-B612-564CAFB128A7}.Release|Any CPU.ActiveCfg = Release|Any CPU
		{39CF9157-3150-4861-B612-564CAFB128A7}.Release|Any CPU.Build.0 = Release|Any CPU
	EndGlobalSection
	GlobalSection(SolutionProperties) = preSolution
		HideSolutionNode = FALSE
	EndGlobalSection
	GlobalSection(ExtensibilityGlobals) = postSolution
		SolutionGuid = {50B40577-CD22-44BA-8B2D-F3FFFCEE1DE9}
	EndGlobalSection
EndGlobal
